
Microsoft Visual Studio Solution File, Format Version 12.00
# Visual Studio Version 17
VisualStudioVersion = 17.14.36401.2 d17.14
MinimumVisualStudioVersion = 10.0.40219.1
Project("{FAE04EC0-301F-11D3-BF4B-00C04F79EFBC}") = "dynamic_form_system", "dynamic_form_system\dynamic_form_system.csproj", "{21AE9CAD-8126-4A7B-8357-C5F121D1896F}"
EndProject
Global
	GlobalSection(SolutionConfigurationPlatforms) = preSolution
		Debug|Any CPU = Debug|Any CPU
		Release|Any CPU = Release|Any CPU
	EndGlobalSection
	GlobalSection(ProjectConfigurationPlatforms) = postSolution
		{21AE9CAD-8126-4A7B-8357-C5F121D1896F}.Debug|Any CPU.ActiveCfg = Debug|Any CPU
		{21AE9CAD-8126-4A7B-8357-C5F121D1896F}.Debug|Any CPU.Build.0 = Debug|Any CPU
		{21AE9CAD-8126-4A7B-8357-C5F121D1896F}.Release|Any CPU.ActiveCfg = Release|Any CPU
		{21AE9CAD-8126-4A7B-8357-C5F121D1896F}.Release|Any CPU.Build.0 = Release|Any CPU
	EndGlobalSection
	GlobalSection(SolutionProperties) = preSolution
		HideSolutionNode = FALSE
	EndGlobalSection
	GlobalSection(ExtensibilityGlobals) = postSolution
		SolutionGuid = {BBDA99B2-9F91-4901-A0BE-F0785A99C487}
	EndGlobalSection
EndGlobal
